# This file is automatically @generated by Cargo.
# It is not intended for manual editing.
version = 3

[[package]]
name = "libc"
version = "0.2.155"

[[package]]
name = "once_cell"
version = "1.19.0"

[[package]]
name = "os_socketaddr"
version = "0.2.5"
dependencies = [
 "libc",
]

[[package]]
name = "uv"
version = "0.1.0-devel"
dependencies = [
 "libc",
 "once_cell",
 "os_socketaddr",
]
